// !$*UTF8*$!
{
	archiveVersion = 1;
	classes = {
	};
	objectVersion = 50;
	objects = {

/* Begin PBXBuildFile section */
		674BDBB2237B88BB007E35C6 /* AppDelegate.swift in Sources */ = {isa = PBXBuildFile; fileRef = 674BDBB1237B88BB007E35C6 /* AppDelegate.swift */; };
		674BDBB4237B88BB007E35C6 /* SceneDelegate.swift in Sources */ = {isa = PBXBuildFile; fileRef = 674BDBB3237B88BB007E35C6 /* SceneDelegate.swift */; };
		674BDBB6237B88BB007E35C6 /* ContentView.swift in Sources */ = {isa = PBXBuildFile; fileRef = 674BDBB5237B88BB007E35C6 /* ContentView.swift */; };
		674BDBB8237B88C0007E35C6 /* Assets.xcassets in Resources */ = {isa = PBXBuildFile; fileRef = 674BDBB7237B88C0007E35C6 /* Assets.xcassets */; };
		674BDBBB237B88C0007E35C6 /* Preview Assets.xcassets in Resources */ = {isa = PBXBuildFile; fileRef = 674BDBBA237B88C0007E35C6 /* Preview Assets.xcassets */; };
		674BDBBE237B88C0007E35C6 /* LaunchScreen.storyboard in Resources */ = {isa = PBXBuildFile; fileRef = 674BDBBC237B88C0007E35C6 /* LaunchScreen.storyboard */; };
		674BDBC9237B88C0007E35C6 /* DNDTests.swift in Sources */ = {isa = PBXBuildFile; fileRef = 674BDBC8237B88C0007E35C6 /* DNDTests.swift */; };
		674BDBD4237B88C0007E35C6 /* DNDUITests.swift in Sources */ = {isa = PBXBuildFile; fileRef = 674BDBD3237B88C0007E35C6 /* DNDUITests.swift */; };
/* End PBXBuildFile section */

/* Begin PBXContainerItemProxy section */
		674BDBC5237B88C0007E35C6 /* PBXContainerItemProxy */ = {
			isa = PBXContainerItemProxy;
			containerPortal = 674BDBA6237B88BB007E35C6 /* Project object */;
			proxyType = 1;
			remoteGlobalIDString = 674BDBAD237B88BB007E35C6;
			remoteInfo = DND;
		};
		674BDBD0237B88C0007E35C6 /* PBXContainerItemProxy */ = {
			isa = PBXContainerItemProxy;
			containerPortal = 674BDBA6237B88BB007E35C6 /* Project object */;
			proxyType = 1;
			remoteGlobalIDString = 674BDBAD237B88BB007E35C6;
			remoteInfo = DND;
		};
/* End PBXContainerItemProxy section */

/* Begin PBXFileReference section */
		674BDBAE237B88BB007E35C6 /* DND.app */ = {isa = PBXFileReference; explicitFileType = wrapper.application; includeInIndex = 0; path = DND.app; sourceTree = BUILT_PRODUCTS_DIR; };
		674BDBB1237B88BB007E35C6 /* AppDelegate.swift */ = {isa = PBXFileReference; lastKnownFileType = sourcecode.swift; path = AppDelegate.swift; sourceTree = "<group>"; };
		674BDBB3237B88BB007E35C6 /* SceneDelegate.swift */ = {isa = PBXFileReference; lastKnownFileType = sourcecode.swift; path = SceneDelegate.swift; sourceTree = "<group>"; };
		674BDBB5237B88BB007E35C6 /* ContentView.swift */ = {isa = PBXFileReference; lastKnownFileType = sourcecode.swift; path = ContentView.swift; sourceTree = "<group>"; };
		674BDBB7237B88C0007E35C6 /* Assets.xcassets */ = {isa = PBXFileReference; lastKnownFileType = folder.assetcatalog; path = Assets.xcassets; sourceTree = "<group>"; };
		674BDBBA237B88C0007E35C6 /* Preview Assets.xcassets */ = {isa = PBXFileReference; lastKnownFileType = folder.assetcatalog; path = "Preview Assets.xcassets"; sourceTree = "<group>"; };
		674BDBBD237B88C0007E35C6 /* Base */ = {isa = PBXFileReference; lastKnownFileType = file.storyboard; name = Base; path = Base.lproj/LaunchScreen.storyboard; sourceTree = "<group>"; };
		674BDBBF237B88C0007E35C6 /* Info.plist */ = {isa = PBXFileReference; lastKnownFileType = text.plist.xml; path = Info.plist; sourceTree = "<group>"; };
		674BDBC4237B88C0007E35C6 /* DNDTests.xctest */ = {isa = PBXFileReference; explicitFileType = wrapper.cfbundle; includeInIndex = 0; path = DNDTests.xctest; sourceTree = BUILT_PRODUCTS_DIR; };
		674BDBC8237B88C0007E35C6 /* DNDTests.swift */ = {isa = PBXFileReference; lastKnownFileType = sourcecode.swift; path = DNDTests.swift; sourceTree = "<group>"; };
		674BDBCA237B88C0007E35C6 /* Info.plist */ = {isa = PBXFileReference; lastKnownFileType = text.plist.xml; path = Info.plist; sourceTree = "<group>"; };
		674BDBCF237B88C0007E35C6 /* DNDUITests.xctest */ = {isa = PBXFileReference; explicitFileType = wrapper.cfbundle; includeInIndex = 0; path = DNDUITests.xctest; sourceTree = BUILT_PRODUCTS_DIR; };
		674BDBD3237B88C0007E35C6 /* DNDUITests.swift */ = {isa = PBXFileReference; lastKnownFileType = sourcecode.swift; path = DNDUITests.swift; sourceTree = "<group>"; };
		674BDBD5237B88C0007E35C6 /* Info.plist */ = {isa = PBXFileReference; lastKnownFileType = text.plist.xml; path = Info.plist; sourceTree = "<group>"; };
/* End PBXFileReference section */

/* Begin PBXFrameworksBuildPhase section */
		674BDBAB237B88BB007E35C6 /* Frameworks */ = {
			isa = PBXFrameworksBuildPhase;
			buildActionMask = 2147483647;
			files = (
			);
			runOnlyForDeploymentPostprocessing = 0;
		};
		674BDBC1237B88C0007E35C6 /* Frameworks */ = {
			isa = PBXFrameworksBuildPhase;
			buildActionMask = 2147483647;
			files = (
			);
			runOnlyForDeploymentPostprocessing = 0;
		};
		674BDBCC237B88C0007E35C6 /* Frameworks */ = {
			isa = PBXFrameworksBuildPhase;
			buildActionMask = 2147483647;
			files = (
			);
			runOnlyForDeploymentPostprocessing = 0;
		};
/* End PBXFrameworksBuildPhase section */

/* Begin PBXGroup section */
		674BDBA5237B88BB007E35C6 = {
			isa = PBXGroup;
			children = (
				674BDBB0237B88BB007E35C6 /* DND */,
				674BDBC7237B88C0007E35C6 /* DNDTests */,
				674BDBD2237B88C0007E35C6 /* DNDUITests */,
				674BDBAF237B88BB007E35C6 /* Products */,
			);
			sourceTree = "<group>";
		};
		674BDBAF237B88BB007E35C6 /* Products */ = {
			isa = PBXGroup;
			children = (
				674BDBAE237B88BB007E35C6 /* DND.app */,
				674BDBC4237B88C0007E35C6 /* DNDTests.xctest */,
				674BDBCF237B88C0007E35C6 /* DNDUITests.xctest */,
			);
			name = Products;
			sourceTree = "<group>";
		};
		674BDBB0237B88BB007E35C6 /* DND */ = {
			isa = PBXGroup;
			children = (
				674BDBB1237B88BB007E35C6 /* AppDelegate.swift */,
				674BDBB3237B88BB007E35C6 /* SceneDelegate.swift */,
				674BDBB5237B88BB007E35C6 /* ContentView.swift */,
				674BDBB7237B88C0007E35C6 /* Assets.xcassets */,
				674BDBBC237B88C0007E35C6 /* LaunchScreen.storyboard */,
				674BDBBF237B88C0007E35C6 /* Info.plist */,
				674BDBB9237B88C0007E35C6 /* Preview Content */,
			);
			path = DND;
			sourceTree = "<group>";
		};
		674BDBB9237B88C0007E35C6 /* Preview Content */ = {
			isa = PBXGroup;
			children = (
				674BDBBA237B88C0007E35C6 /* Preview Assets.xcassets */,
			);
			path = "Preview Content";
			sourceTree = "<group>";
		};
		674BDBC7237B88C0007E35C6 /* DNDTests */ = {
			isa = PBXGroup;
			children = (
				674BDBC8237B88C0007E35C6 /* DNDTests.swift */,
				674BDBCA237B88C0007E35C6 /* Info.plist */,
			);
			path = DNDTests;
			sourceTree = "<group>";
		};
		674BDBD2237B88C0007E35C6 /* DNDUITests */ = {
			isa = PBXGroup;
			children = (
				674BDBD3237B88C0007E35C6 /* DNDUITests.swift */,
				674BDBD5237B88C0007E35C6 /* Info.plist */,
			);
			path = DNDUITests;
			sourceTree = "<group>";
		};
/* End PBXGroup section */

/* Begin PBXNativeTarget section */
		674BDBAD237B88BB007E35C6 /* DND */ = {
			isa = PBXNativeTarget;
			buildConfigurationList = 674BDBD8237B88C0007E35C6 /* Build configuration list for PBXNativeTarget "DND" */;
			buildPhases = (
				674BDBAA237B88BB007E35C6 /* Sources */,
				674BDBAB237B88BB007E35C6 /* Frameworks */,
				674BDBAC237B88BB007E35C6 /* Resources */,
			);
			buildRules = (
			);
			dependencies = (
			);
			name = DND;
			productName = DND;
			productReference = 674BDBAE237B88BB007E35C6 /* DND.app */;
			productType = "com.apple.product-type.application";
		};
		674BDBC3237B88C0007E35C6 /* DNDTests */ = {
			isa = PBXNativeTarget;
			buildConfigurationList = 674BDBDB237B88C0007E35C6 /* Build configuration list for PBXNativeTarget "DNDTests" */;
			buildPhases = (
				674BDBC0237B88C0007E35C6 /* Sources */,
				674BDBC1237B88C0007E35C6 /* Frameworks */,
				674BDBC2237B88C0007E35C6 /* Resources */,
			);
			buildRules = (
			);
			dependencies = (
				674BDBC6237B88C0007E35C6 /* PBXTargetDependency */,
			);
			name = DNDTests;
			productName = DNDTests;
			productReference = 674BDBC4237B88C0007E35C6 /* DNDTests.xctest */;
			productType = "com.apple.product-type.bundle.unit-test";
		};
		674BDBCE237B88C0007E35C6 /* DNDUITests */ = {
			isa = PBXNativeTarget;
			buildConfigurationList = 674BDBDE237B88C0007E35C6 /* Build configuration list for PBXNativeTarget "DNDUITests" */;
			buildPhases = (
				674BDBCB237B88C0007E35C6 /* Sources */,
				674BDBCC237B88C0007E35C6 /* Frameworks */,
				674BDBCD237B88C0007E35C6 /* Resources */,
			);
			buildRules = (
			);
			dependencies = (
				674BDBD1237B88C0007E35C6 /* PBXTargetDependency */,
			);
			name = DNDUITests;
			productName = DNDUITests;
			productReference = 674BDBCF237B88C0007E35C6 /* DNDUITests.xctest */;
			productType = "com.apple.product-type.bundle.ui-testing";
		};
/* End PBXNativeTarget section */

/* Begin PBXProject section */
		674BDBA6237B88BB007E35C6 /* Project object */ = {
			isa = PBXProject;
			attributes = {
				LastSwiftUpdateCheck = 1120;
				LastUpgradeCheck = 1120;
				ORGANIZATIONNAME = "Paulo César Morandi Massuci";
				TargetAttributes = {
					674BDBAD237B88BB007E35C6 = {
						CreatedOnToolsVersion = 11.2;
					};
					674BDBC3237B88C0007E35C6 = {
						CreatedOnToolsVersion = 11.2;
						TestTargetID = 674BDBAD237B88BB007E35C6;
					};
					674BDBCE237B88C0007E35C6 = {
						CreatedOnToolsVersion = 11.2;
						TestTargetID = 674BDBAD237B88BB007E35C6;
					};
				};
			};
			buildConfigurationList = 674BDBA9237B88BB007E35C6 /* Build configuration list for PBXProject "DND" */;
			compatibilityVersion = "Xcode 9.3";
			developmentRegion = en;
			hasScannedForEncodings = 0;
			knownRegions = (
				en,
				Base,
			);
			mainGroup = 674BDBA5237B88BB007E35C6;
			productRefGroup = 674BDBAF237B88BB007E35C6 /* Products */;
			projectDirPath = "";
			projectRoot = "";
			targets = (
				674BDBAD237B88BB007E35C6 /* DND */,
				674BDBC3237B88C0007E35C6 /* DNDTests */,
				674BDBCE237B88C0007E35C6 /* DNDUITests */,
			);
		};
/* End PBXProject section */

/* Begin PBXResourcesBuildPhase section */
		674BDBAC237B88BB007E35C6 /* Resources */ = {
			isa = PBXResourcesBuildPhase;
			buildActionMask = 2147483647;
			files = (
				674BDBBE237B88C0007E35C6 /* LaunchScreen.storyboard in Resources */,
				674BDBBB237B88C0007E35C6 /* Preview Assets.xcassets in Resources */,
				674BDBB8237B88C0007E35C6 /* Assets.xcassets in Resources */,
			);
			runOnlyForDeploymentPostprocessing = 0;
		};
		674BDBC2237B88C0007E35C6 /* Resources */ = {
			isa = PBXResourcesBuildPhase;
			buildActionMask = 2147483647;
			files = (
			);
			runOnlyForDeploymentPostprocessing = 0;
		};
		674BDBCD237B88C0007E35C6 /* Resources */ = {
			isa = PBXResourcesBuildPhase;
			buildActionMask = 2147483647;
			files = (
			);
			runOnlyForDeploymentPostprocessing = 0;
		};
/* End PBXResourcesBuildPhase section */

/* Begin PBXSourcesBuildPhase section */
		674BDBAA237B88BB007E35C6 /* Sources */ = {
			isa = PBXSourcesBuildPhase;
			buildActionMask = 2147483647;
			files = (
				674BDBB2237B88BB007E35C6 /* AppDelegate.swift in Sources */,
				674BDBB4237B88BB007E35C6 /* SceneDelegate.swift in Sources */,
				674BDBB6237B88BB007E35C6 /* ContentView.swift in Sources */,
			);
			runOnlyForDeploymentPostprocessing = 0;
		};
		674BDBC0237B88C0007E35C6 /* Sources */ = {
			isa = PBXSourcesBuildPhase;
			buildActionMask = 2147483647;
			files = (
				674BDBC9237B88C0007E35C6 /* DNDTests.swift in Sources */,
			);
			runOnlyForDeploymentPostprocessing = 0;
		};
		674BDBCB237B88C0007E35C6 /* Sources */ = {
			isa = PBXSourcesBuildPhase;
			buildActionMask = 2147483647;
			files = (
				674BDBD4237B88C0007E35C6 /* DNDUITests.swift in Sources */,
			);
			runOnlyForDeploymentPostprocessing = 0;
		};
/* End PBXSourcesBuildPhase section */

/* Begin PBXTargetDependency section */
		674BDBC6237B88C0007E35C6 /* PBXTargetDependency */ = {
			isa = PBXTargetDependency;
			target = 674BDBAD237B88BB007E35C6 /* DND */;
			targetProxy = 674BDBC5237B88C0007E35C6 /* PBXContainerItemProxy */;
		};
		674BDBD1237B88C0007E35C6 /* PBXTargetDependency */ = {
			isa = PBXTargetDependency;
			target = 674BDBAD237B88BB007E35C6 /* DND */;
			targetProxy = 674BDBD0237B88C0007E35C6 /* PBXContainerItemProxy */;
		};
/* End PBXTargetDependency section */

/* Begin PBXVariantGroup section */
		674BDBBC237B88C0007E35C6 /* LaunchScreen.storyboard */ = {
			isa = PBXVariantGroup;
			children = (
				674BDBBD237B88C0007E35C6 /* Base */,
			);
			name = LaunchScreen.storyboard;
			sourceTree = "<group>";
		};
/* End PBXVariantGroup section */

/* Begin XCBuildConfiguration section */
		674BDBD6237B88C0007E35C6 /* Debug */ = {
			isa = XCBuildConfiguration;
			buildSettings = {
				ALWAYS_SEARCH_USER_PATHS = NO;
				CLANG_ANALYZER_NONNULL = YES;
				CLANG_ANALYZER_NUMBER_OBJECT_CONVERSION = YES_AGGRESSIVE;
				CLANG_CXX_LANGUAGE_STANDARD = "gnu++14";
				CLANG_CXX_LIBRARY = "libc++";
				CLANG_ENABLE_MODULES = YES;
				CLANG_ENABLE_OBJC_ARC = YES;
				CLANG_ENABLE_OBJC_WEAK = YES;
				CLANG_WARN_BLOCK_CAPTURE_AUTORELEASING = YES;
				CLANG_WARN_BOOL_CONVERSION = YES;
				CLANG_WARN_COMMA = YES;
				CLANG_WARN_CONSTANT_CONVERSION = YES;
				CLANG_WARN_DEPRECATED_OBJC_IMPLEMENTATIONS = YES;
				CLANG_WARN_DIRECT_OBJC_ISA_USAGE = YES_ERROR;
				CLANG_WARN_DOCUMENTATION_COMMENTS = YES;
				CLANG_WARN_EMPTY_BODY = YES;
				CLANG_WARN_ENUM_CONVERSION = YES;
				CLANG_WARN_INFINITE_RECURSION = YES;
				CLANG_WARN_INT_CONVERSION = YES;
				CLANG_WARN_NON_LITERAL_NULL_CONVERSION = YES;
				CLANG_WARN_OBJC_IMPLICIT_RETAIN_SELF = YES;
				CLANG_WARN_OBJC_LITERAL_CONVERSION = YES;
				CLANG_WARN_OBJC_ROOT_CLASS = YES_ERROR;
				CLANG_WARN_RANGE_LOOP_ANALYSIS = YES;
				CLANG_WARN_STRICT_PROTOTYPES = YES;
				CLANG_WARN_SUSPICIOUS_MOVE = YES;
				CLANG_WARN_UNGUARDED_AVAILABILITY = YES_AGGRESSIVE;
				CLANG_WARN_UNREACHABLE_CODE = YES;
				CLANG_WARN__DUPLICATE_METHOD_MATCH = YES;
				COPY_PHASE_STRIP = NO;
				DEBUG_INFORMATION_FORMAT = dwarf;
				ENABLE_STRICT_OBJC_MSGSEND = YES;
				ENABLE_TESTABILITY = YES;
				GCC_C_LANGUAGE_STANDARD = gnu11;
				GCC_DYNAMIC_NO_PIC = NO;
				GCC_NO_COMMON_BLOCKS = YES;
				GCC_OPTIMIZATION_LEVEL = 0;
				GCC_PREPROCESSOR_DEFINITIONS = (
					"DEBUG=1",
					"$(inherited)",
				);
				GCC_WARN_64_TO_32_BIT_CONVERSION = YES;
				GCC_WARN_ABOUT_RETURN_TYPE = YES_ERROR;
				GCC_WARN_UNDECLARED_SELECTOR = YES;
				GCC_WARN_UNINITIALIZED_AUTOS = YES_AGGRESSIVE;
				GCC_WARN_UNUSED_FUNCTION = YES;
				GCC_WARN_UNUSED_VARIABLE = YES;
				IPHONEOS_DEPLOYMENT_TARGET = 13.2;
				MTL_ENABLE_DEBUG_INFO = INCLUDE_SOURCE;
				MTL_FAST_MATH = YES;
				ONLY_ACTIVE_ARCH = YES;
				SDKROOT = iphoneos;
				SWIFT_ACTIVE_COMPILATION_CONDITIONS = DEBUG;
				SWIFT_OPTIMIZATION_LEVEL = "-Onone";
			};
			name = Debug;
		};
		674BDBD7237B88C0007E35C6 /* Release */ = {
			isa = XCBuildConfiguration;
			buildSettings = {
				ALWAYS_SEARCH_USER_PATHS = NO;
				CLANG_ANALYZER_NONNULL = YES;
				CLANG_ANALYZER_NUMBER_OBJECT_CONVERSION = YES_AGGRESSIVE;
				CLANG_CXX_LANGUAGE_STANDARD = "gnu++14";
				CLANG_CXX_LIBRARY = "libc++";
				CLANG_ENABLE_MODULES = YES;
				CLANG_ENABLE_OBJC_ARC = YES;
				CLANG_ENABLE_OBJC_WEAK = YES;
				CLANG_WARN_BLOCK_CAPTURE_AUTORELEASING = YES;
				CLANG_WARN_BOOL_CONVERSION = YES;
				CLANG_WARN_COMMA = YES;
				CLANG_WARN_CONSTANT_CONVERSION = YES;
				CLANG_WARN_DEPRECATED_OBJC_IMPLEMENTATIONS = YES;
				CLANG_WARN_DIRECT_OBJC_ISA_USAGE = YES_ERROR;
				CLANG_WARN_DOCUMENTATION_COMMENTS = YES;
				CLANG_WARN_EMPTY_BODY = YES;
				CLANG_WARN_ENUM_CONVERSION = YES;
				CLANG_WARN_INFINITE_RECURSION = YES;
				CLANG_WARN_INT_CONVERSION = YES;
				CLANG_WARN_NON_LITERAL_NULL_CONVERSION = YES;
				CLANG_WARN_OBJC_IMPLICIT_RETAIN_SELF = YES;
				CLANG_WARN_OBJC_LITERAL_CONVERSION = YES;
				CLANG_WARN_OBJC_ROOT_CLASS = YES_ERROR;
				CLANG_WARN_RANGE_LOOP_ANALYSIS = YES;
				CLANG_WARN_STRICT_PROTOTYPES = YES;
				CLANG_WARN_SUSPICIOUS_MOVE = YES;
				CLANG_WARN_UNGUARDED_AVAILABILITY = YES_AGGRESSIVE;
				CLANG_WARN_UNREACHABLE_CODE = YES;
				CLANG_WARN__DUPLICATE_METHOD_MATCH = YES;
				COPY_PHASE_STRIP = NO;
				DEBUG_INFORMATION_FORMAT = "dwarf-with-dsym";
				ENABLE_NS_ASSERTIONS = NO;
				ENABLE_STRICT_OBJC_MSGSEND = YES;
				GCC_C_LANGUAGE_STANDARD = gnu11;
				GCC_NO_COMMON_BLOCKS = YES;
				GCC_WARN_64_TO_32_BIT_CONVERSION = YES;
				GCC_WARN_ABOUT_RETURN_TYPE = YES_ERROR;
				GCC_WARN_UNDECLARED_SELECTOR = YES;
				GCC_WARN_UNINITIALIZED_AUTOS = YES_AGGRESSIVE;
				GCC_WARN_UNUSED_FUNCTION = YES;
				GCC_WARN_UNUSED_VARIABLE = YES;
				IPHONEOS_DEPLOYMENT_TARGET = 13.2;
				MTL_ENABLE_DEBUG_INFO = NO;
				MTL_FAST_MATH = YES;
				SDKROOT = iphoneos;
				SWIFT_COMPILATION_MODE = wholemodule;
				SWIFT_OPTIMIZATION_LEVEL = "-O";
				VALIDATE_PRODUCT = YES;
			};
			name = Release;
		};
		674BDBD9237B88C0007E35C6 /* Debug */ = {
			isa = XCBuildConfiguration;
			buildSettings = {
				ASSETCATALOG_COMPILER_APPICON_NAME = AppIcon;
				CODE_SIGN_STYLE = Automatic;
				DEVELOPMENT_ASSET_PATHS = "\"DND/Preview Content\"";
				ENABLE_PREVIEWS = YES;
				INFOPLIST_FILE = DND/Info.plist;
				LD_RUNPATH_SEARCH_PATHS = (
					"$(inherited)",
					"@executable_path/Frameworks",
				);
				PRODUCT_BUNDLE_IDENTIFIER = pcmassuci.com.DND;
				PRODUCT_NAME = "$(TARGET_NAME)";
				SWIFT_VERSION = 5.0;
				TARGETED_DEVICE_FAMILY = "1,2";
			};
			name = Debug;
		};
		674BDBDA237B88C0007E35C6 /* Release */ = {
			isa = XCBuildConfiguration;
			buildSettings = {
				ASSETCATALOG_COMPILER_APPICON_NAME = AppIcon;
				CODE_SIGN_STYLE = Automatic;
				DEVELOPMENT_ASSET_PATHS = "\"DND/Preview Content\"";
				ENABLE_PREVIEWS = YES;
				INFOPLIST_FILE = DND/Info.plist;
				LD_RUNPATH_SEARCH_PATHS = (
					"$(inherited)",
					"@executable_path/Frameworks",
				);
				PRODUCT_BUNDLE_IDENTIFIER = pcmassuci.com.DND;
				PRODUCT_NAME = "$(TARGET_NAME)";
				SWIFT_VERSION = 5.0;
				TARGETED_DEVICE_FAMILY = "1,2";
			};
			name = Release;
		};
		674BDBDC237B88C0007E35C6 /* Debug */ = {
			isa = XCBuildConfiguration;
			buildSettings = {
				ALWAYS_EMBED_SWIFT_STANDARD_LIBRARIES = YES;
				BUNDLE_LOADER = "$(TEST_HOST)";
				CODE_SIGN_STYLE = Automatic;
				INFOPLIST_FILE = DNDTests/Info.plist;
				IPHONEOS_DEPLOYMENT_TARGET = 13.2;
				LD_RUNPATH_SEARCH_PATHS = (
					"$(inherited)",
					"@executable_path/Frameworks",
					"@loader_path/Frameworks",
				);
				PRODUCT_BUNDLE_IDENTIFIER = pcmassuci.com.DNDTests;
				PRODUCT_NAME = "$(TARGET_NAME)";
				SWIFT_VERSION = 5.0;
				TARGETED_DEVICE_FAMILY = "1,2";
				TEST_HOST = "$(BUILT_PRODUCTS_DIR)/DND.app/DND";
			};
			name = Debug;
		};
		674BDBDD237B88C0007E35C6 /* Release */ = {
			isa = XCBuildConfiguration;
			buildSettings = {
				ALWAYS_EMBED_SWIFT_STANDARD_LIBRARIES = YES;
				BUNDLE_LOADER = "$(TEST_HOST)";
				CODE_SIGN_STYLE = Automatic;
				INFOPLIST_FILE = DNDTests/Info.plist;
				IPHONEOS_DEPLOYMENT_TARGET = 13.2;
				LD_RUNPATH_SEARCH_PATHS = (
					"$(inherited)",
					"@executable_path/Frameworks",
					"@loader_path/Frameworks",
				);
				PRODUCT_BUNDLE_IDENTIFIER = pcmassuci.com.DNDTests;
				PRODUCT_NAME = "$(TARGET_NAME)";
				SWIFT_VERSION = 5.0;
				TARGETED_DEVICE_FAMILY = "1,2";
				TEST_HOST = "$(BUILT_PRODUCTS_DIR)/DND.app/DND";
			};
			name = Release;
		};
		674BDBDF237B88C0007E35C6 /* Debug */ = {
			isa = XCBuildConfiguration;
			buildSettings = {
				ALWAYS_EMBED_SWIFT_STANDARD_LIBRARIES = YES;
				CODE_SIGN_STYLE = Automatic;
				INFOPLIST_FILE = DNDUITests/Info.plist;
				LD_RUNPATH_SEARCH_PATHS = (
					"$(inherited)",
					"@executable_path/Frameworks",
					"@loader_path/Frameworks",
				);
				PRODUCT_BUNDLE_IDENTIFIER = pcmassuci.com.DNDUITests;
				PRODUCT_NAME = "$(TARGET_NAME)";
				SWIFT_VERSION = 5.0;
				TARGETED_DEVICE_FAMILY = "1,2";
				TEST_TARGET_NAME = DND;
			};
			name = Debug;
		};
		674BDBE0237B88C0007E35C6 /* Release */ = {
			isa = XCBuildConfiguration;
			buildSettings = {
				ALWAYS_EMBED_SWIFT_STANDARD_LIBRARIES = YES;
				CODE_SIGN_STYLE = Automatic;
				INFOPLIST_FILE = DNDUITests/Info.plist;
				LD_RUNPATH_SEARCH_PATHS = (
					"$(inherited)",
					"@executable_path/Frameworks",
					"@loader_path/Frameworks",
				);
				PRODUCT_BUNDLE_IDENTIFIER = pcmassuci.com.DNDUITests;
				PRODUCT_NAME = "$(TARGET_NAME)";
				SWIFT_VERSION = 5.0;
				TARGETED_DEVICE_FAMILY = "1,2";
				TEST_TARGET_NAME = DND;
			};
			name = Release;
		};
/* End XCBuildConfiguration section */

/* Begin XCConfigurationList section */
		674BDBA9237B88BB007E35C6 /* Build configuration list for PBXProject "DND" */ = {
			isa = XCConfigurationList;
			buildConfigurations = (
				674BDBD6237B88C0007E35C6 /* Debug */,
				674BDBD7237B88C0007E35C6 /* Release */,
			);
			defaultConfigurationIsVisible = 0;
			defaultConfigurationName = Release;
		};
		674BDBD8237B88C0007E35C6 /* Build configuration list for PBXNativeTarget "DND" */ = {
			isa = XCConfigurationList;
			buildConfigurations = (
				674BDBD9237B88C0007E35C6 /* Debug */,
				674BDBDA237B88C0007E35C6 /* Release */,
			);
			defaultConfigurationIsVisible = 0;
			defaultConfigurationName = Release;
		};
		674BDBDB237B88C0007E35C6 /* Build configuration list for PBXNativeTarget "DNDTests" */ = {
			isa = XCConfigurationList;
			buildConfigurations = (
				674BDBDC237B88C0007E35C6 /* Debug */,
				674BDBDD237B88C0007E35C6 /* Release */,
			);
			defaultConfigurationIsVisible = 0;
			defaultConfigurationName = Release;
		};
		674BDBDE237B88C0007E35C6 /* Build configuration list for PBXNativeTarget "DNDUITests" */ = {
			isa = XCConfigurationList;
			buildConfigurations = (
				674BDBDF237B88C0007E35C6 /* Debug */,
				674BDBE0237B88C0007E35C6 /* Release */,
			);
			defaultConfigurationIsVisible = 0;
			defaultConfigurationName = Release;
		};
/* End XCConfigurationList section */
	};
	rootObject = 674BDBA6237B88BB007E35C6 /* Project object */;
}
